<?xml version="1.0" encoding="utf-8"?>
<Project ToolsVersion="4.0" xmlns="http://schemas.microsoft.com/developer/msbuild/2003">
  <ItemGroup>
    <Filter Include="Source Files">
      <UniqueIdentifier>{4FC737F1-C7A5-4376-A066-2A32D752A2FF}</UniqueIdentifier>
      <Extensions>cpp;c;cc;cxx;c++;cppm;ixx;def;odl;idl;hpj;bat;asm;asmx</Extensions>
    </Filter>
    <Filter Include="Header Files">
      <UniqueIdentifier>{93995380-89BD-4b04-88EB-625FBE52EBFB}</UniqueIdentifier>
      <Extensions>h;hh;hpp;hxx;h++;hm;inl;inc;ipp;xsd</Extensions>
    </Filter>
    <Filter Include="Resource Files">
      <UniqueIdentifier>{67DA6AB6-F800-4c08-8B7A-83BB121AAD01}</UniqueIdentifier>
      <Extensions>rc;ico;cur;bmp;dlg;rc2;rct;bin;rgs;gif;jpg;jpeg;jpe;resx;tiff;tif;png;wav;mfcribbon-ms</Extensions>
    </Filter>
    <Filter Include="Header Files\MainMenu">
      <UniqueIdentifier>{c13479b6-f197-460d-a8ad-7c594a3b4669}</UniqueIdentifier>
    </Filter>
    <Filter Include="Header Files\UI">
      <UniqueIdentifier>{3a77b886-5591-4832-bdbe-b1dbc673e332}</UniqueIdentifier>
    </Filter>
    <Filter Include="Header Files\PauseMenu">
      <UniqueIdentifier>{ab868921-10ba-4942-874e-9d0de43cba1d}</UniqueIdentifier>
    </Filter>
    <Filter Include="Header Files\MainMenu\Buttons">
      <UniqueIdentifier>{f191a65b-05ea-4f8b-b880-6cb77ea21424}</UniqueIdentifier>
    </Filter>
    <Filter Include="Header Files\UI\Buttons">
      <UniqueIdentifier>{aa8c4439-8024-4cb9-bd39-b63c713a3cf5}</UniqueIdentifier>
    </Filter>
    <Filter Include="Source Files\UI">
      <UniqueIdentifier>{e6c06c9b-f36c-4487-900a-66e10d0e5057}</UniqueIdentifier>
    </Filter>
    <Filter Include="Source Files\MainMenu">
      <UniqueIdentifier>{e0753d1e-6265-4980-a9a2-cbaabe23357f}</UniqueIdentifier>
    </Filter>
    <Filter Include="Source Files\PauseMenu">
      <UniqueIdentifier>{d9d63492-bbb8-4933-a581-28fb8110b40d}</UniqueIdentifier>
    </Filter>
    <Filter Include="Source Files\MainMenu\Buttons">
      <UniqueIdentifier>{b2b18351-f5c8-4e65-8c1d-5d9bf41b7d70}</UniqueIdentifier>
    </Filter>
    <Filter Include="Header Files\Root">
      <UniqueIdentifier>{55560956-f019-4b5a-9ef7-829b128e39d8}</UniqueIdentifier>
    </Filter>
    <Filter Include="Source Files\Root">
      <UniqueIdentifier>{7b4f63d3-9230-4c78-a636-173877bd4f46}</UniqueIdentifier>
    </Filter>
    <Filter Include="Source Files\UI\Buttons">
      <UniqueIdentifier>{ba1f0a27-78d7-4030-8841-4b33064df518}</UniqueIdentifier>
    </Filter>
    <Filter Include="Source Files\PauseMenu\Buttons">
      <UniqueIdentifier>{ea1b2441-a7df-4199-9093-f386e7612957}</UniqueIdentifier>
    </Filter>
    <Filter Include="Header Files\PauseMenu\Buttons">
      <UniqueIdentifier>{19908ce3-d044-4697-b329-fe6e3d773c07}</UniqueIdentifier>
    </Filter>
    <Filter Include="Header Files\SaveSystem">
      <UniqueIdentifier>{174891fb-f729-46f2-a83f-7c06dcf380dc}</UniqueIdentifier>
    </Filter>
    <Filter Include="Source Files\SaveSystem">
      <UniqueIdentifier>{5ad7b848-efb7-4e13-82b8-f9e8e5b23105}</UniqueIdentifier>
    </Filter>
    <Filter Include="Header Files\Enemies">
      <UniqueIdentifier>{b2027e5a-5d5a-4bef-87ed-b8212b0ba708}</UniqueIdentifier>
    </Filter>
    <Filter Include="Source Files\Enemies">
      <UniqueIdentifier>{f2cd356d-fdf0-48f3-8934-d2d33ca89c86}</UniqueIdentifier>
    </Filter>
  </ItemGroup>
  <ItemGroup>
    <ClCompile Include="GodotLibrary.cpp">
      <Filter>Source Files</Filter>
    </ClCompile>
    <ClCompile Include="Root.cpp">
      <Filter>Source Files</Filter>
    </ClCompile>
    <ClCompile Include="Exit.cpp">
      <Filter>Source Files\MainMenu\Buttons</Filter>
    </ClCompile>
    <ClCompile Include="Options.cpp">
      <Filter>Source Files\MainMenu\Buttons</Filter>
    </ClCompile>
    <ClCompile Include="Play.cpp">
      <Filter>Source Files\MainMenu\Buttons</Filter>
    </ClCompile>
    <ClCompile Include="Return.cpp">
      <Filter>Source Files\MainMenu\Buttons</Filter>
    </ClCompile>
    <ClCompile Include="PauseMenu.cpp">
      <Filter>Source Files\PauseMenu</Filter>
    </ClCompile>
    <ClCompile Include="UI.cpp">
      <Filter>Source Files\UI</Filter>
    </ClCompile>
    <ClCompile Include="SpawnTower.cpp">
      <Filter>Source Files\UI\Buttons</Filter>
    </ClCompile>
    <ClCompile Include="LevelManager.cpp">
      <Filter>Source Files</Filter>
    </ClCompile>
    <ClCompile Include="Projectile.cpp">
      <Filter>Source Files</Filter>
    </ClCompile>
    <ClCompile Include="Tower.cpp">
      <Filter>Source Files</Filter>
    </ClCompile>
    <ClCompile Include="Resume.cpp">
      <Filter>Source Files\PauseMenu\Buttons</Filter>
    </ClCompile>
    <ClCompile Include="PauseOptions.cpp">
      <Filter>Source Files\PauseMenu\Buttons</Filter>
    </ClCompile>
    <ClCompile Include="ToMain.cpp">
      <Filter>Source Files\PauseMenu\Buttons</Filter>
    </ClCompile>
    <ClCompile Include="Load.cpp">
      <Filter>Source Files\SaveSystem</Filter>
    </ClCompile>
    <ClCompile Include="Save.cpp">
      <Filter>Source Files\SaveSystem</Filter>
    </ClCompile>
    <ClCompile Include="TowerBuilder.cpp">
      <Filter>Source Files</Filter>
    </ClCompile>
    <ClCompile Include="TowerShop.cpp">
      <Filter>Source Files\UI\Buttons</Filter>
    </ClCompile>
    <ClCompile Include="TowerManager.cpp">
      <Filter>Source Files\UI</Filter>
    </ClCompile>
    <ClCompile Include="StartWave.cpp">
      <Filter>Source Files\UI\Buttons</Filter>
    </ClCompile>
    <ClCompile Include="Enemy.cpp">
      <Filter>Source Files\Enemies</Filter>
    </ClCompile>
    <ClCompile Include="CrystalAngel.cpp">
      <Filter>Source Files\Enemies</Filter>
    </ClCompile>
  </ItemGroup>
  <ItemGroup>
    <ClInclude Include="Player.h">
      <Filter>Header Files\Root</Filter>
    </ClInclude>
    <ClInclude Include="Root.h">
      <Filter>Header Files\Root</Filter>
    </ClInclude>
    <ClInclude Include="Exit.h">
      <Filter>Header Files\MainMenu\Buttons</Filter>
    </ClInclude>
    <ClInclude Include="Options.h">
      <Filter>Header Files\MainMenu\Buttons</Filter>
    </ClInclude>
    <ClInclude Include="Play.h">
      <Filter>Header Files\MainMenu\Buttons</Filter>
    </ClInclude>
    <ClInclude Include="Return.h">
      <Filter>Header Files\MainMenu\Buttons</Filter>
    </ClInclude>
    <ClInclude Include="PauseMenu.h">
      <Filter>Header Files\PauseMenu</Filter>
    </ClInclude>
    <ClInclude Include="UI.h">
      <Filter>Header Files\UI</Filter>
    </ClInclude>
    <ClInclude Include="SpawnTower.h">
      <Filter>Header Files\UI\Buttons</Filter>
    </ClInclude>
    <ClInclude Include="LevelManager.h">
      <Filter>Header Files</Filter>
    </ClInclude>
    <ClInclude Include="Projectile.h">
      <Filter>Header Files</Filter>
    </ClInclude>
    <ClInclude Include="Tower.h">
      <Filter>Header Files</Filter>
    </ClInclude>
    <ClInclude Include="Resume.h">
      <Filter>Header Files\PauseMenu\Buttons</Filter>
    </ClInclude>
    <ClInclude Include="PauseOptions.h">
      <Filter>Header Files\PauseMenu\Buttons</Filter>
    </ClInclude>
    <ClInclude Include="ToMain.h">
      <Filter>Header Files\PauseMenu\Buttons</Filter>
    </ClInclude>
    <ClInclude Include="Save.h">
      <Filter>Header Files\SaveSystem</Filter>
    </ClInclude>
    <ClInclude Include="Load.h">
      <Filter>Header Files\SaveSystem</Filter>
    </ClInclude>
    <ClInclude Include="TowerBuilder.h">
      <Filter>Header Files</Filter>
    </ClInclude>
    <ClInclude Include="TowerShop.h">
      <Filter>Header Files\UI\Buttons</Filter>
    </ClInclude>
    <ClInclude Include="TowerManager.h">
      <Filter>Header Files\UI</Filter>
    </ClInclude>
    <ClInclude Include="StartWave.h">
      <Filter>Header Files\UI\Buttons</Filter>
    </ClInclude>
    <ClInclude Include="Enemy.h">
      <Filter>Header Files\Enemies</Filter>
    </ClInclude>
    <ClInclude Include="CrystalAngel.h">
      <Filter>Header Files\Enemies</Filter>
    </ClInclude>
  </ItemGroup>
</Project>